Microsoft Visual Studio Solution File, Format Version 12.00
# Visual Studio Version 18
VisualStudioVersion = 18.4.11626.88
MinimumVisualStudioVersion = 10.0.40219.1
Project("{FAE04EC0-301F-11D3-BF4B-00C04F79EFBC}") = "AlphaZero.API", "src\AlphaZero.API\AlphaZero.API.csproj", "{F2EBC211-C323-9692-8294-88F9B7DE636A}"
EndProject
Project("{FAE04EC0-301F-11D3-BF4B-00C04F79EFBC}") = "AlphaZero.AppHost", "src\aspire\AlphaZero.AppHost\AlphaZero.AppHost.csproj", "{E4A265BF-7210-4BF0-8D2A-13702781B1C0}"
EndProject
Project("{FAE04EC0-301F-11D3-BF4B-00C04F79EFBC}") = "AlphaZero.ServiceDefaults", "src\aspire\AlphaZero.ServiceDefaults\AlphaZero.ServiceDefaults.csproj", "{276F6FC8-D38F-D8E1-4EC3-A533A1160F45}"
EndProject
Project("{2150E333-8FDC-42A3-9474-1A3956D46DE8}") = "aspire", "aspire", "{02EA681E-C7D8-13C7-8484-4AC65E1B71E8}"
EndProject
Project("{2150E333-8FDC-42A3-9474-1A3956D46DE8}") = "Modules", "Modules", "{67CAD9C1-6ACD-4FEC-8FC4-1304E4070C85}"
EndProject
Project("{2150E333-8FDC-42A3-9474-1A3956D46DE8}") = "VideoStreaming", "VideoStreaming", "{AE8C0CEC-A6F4-4BD9-9B8B-BA6E1B5F7D03}"
EndProject
Project("{FAE04EC0-301F-11D3-BF4B-00C04F79EFBC}") = "Application", "src\Modules\VideoStreaming\Application\Application.csproj", "{98C42B3C-B7E7-438C-B619-C8308BDF26A8}"
EndProject
Project("{FAE04EC0-301F-11D3-BF4B-00C04F79EFBC}") = "Infrastructure", "src\Modules\VideoStreaming\Infrastructure\Infrastructure.csproj", "{6EE941D2-BA91-49CD-BB56-D71194D50791}"
EndProject
Project("{FAE04EC0-301F-11D3-BF4B-00C04F79EFBC}") = "IntegrationEvents", "src\Modules\VideoStreaming\IntegrationEvents\IntegrationEvents.csproj", "{2B45EBB8-740A-4D51-9659-935FA0DAB2C7}"
EndProject
Project("{FAE04EC0-301F-11D3-BF4B-00C04F79EFBC}") = "AlphaZero.Shared", "src\AlphaZero.Shared\AlphaZero.Shared.csproj", "{1F3330DF-E05E-4114-86DA-E67CA745B58B}"
EndProject
Project("{2150E333-8FDC-42A3-9474-1A3956D46DE8}") = "Solution Items", "Solution Items", "{FBFC60C1-3CDC-4960-86B3-8EB0531B0CE6}"
	ProjectSection(SolutionItems) = preProject
		.editorconfig = .editorconfig
		Directory.Packages.props = Directory.Packages.props
	EndProjectSection
EndProject
Project("{FAE04EC0-301F-11D3-BF4B-00C04F79EFBC}") = "Presentation", "src\Modules\VideoStreaming\Presentation\Presentation.csproj", "{B3E8C722-0057-4104-B608-1E589D5A6190}"
EndProject
Project("{FAE04EC0-301F-11D3-BF4B-00C04F79EFBC}") = "Aspire.Shared", "src\aspire\Aspire.Shared\Aspire.Shared.csproj", "{C36B1121-9AB0-4315-967E-2E98F2A23858}"
EndProject
Project("{2150E333-8FDC-42A3-9474-1A3956D46DE8}") = "Courses", "Courses", "{13104521-1933-4E18-91FA-9D61373512FB}"
EndProject
Project("{2150E333-8FDC-42A3-9474-1A3956D46DE8}") = "VideoUploading", "VideoUploading", "{E80F57F8-2B2D-4E6A-8970-A6763942AEA6}"
EndProject
Project("{FAE04EC0-301F-11D3-BF4B-00C04F79EFBC}") = "Application", "src\Modules\VideoUploading\Application\Application.csproj", "{AEB75969-91FE-4CDA-9503-6E8F43EF76B1}"
EndProject
Project("{FAE04EC0-301F-11D3-BF4B-00C04F79EFBC}") = "Infrastructure", "src\Modules\VideoUploading\Infrastructure\Infrastructure.csproj", "{55CFAAC2-501C-4B81-9D85-E7BC5D1C9E9C}"
EndProject
Project("{FAE04EC0-301F-11D3-BF4B-00C04F79EFBC}") = "Domain", "src\Modules\VideoUploading\Domain\Domain.csproj", "{271B073D-0C94-4110-A289-85EF27856380}"
EndProject
Project("{FAE04EC0-301F-11D3-BF4B-00C04F79EFBC}") = "Presentation", "src\Modules\VideoUploading\Presentation\Presentation.csproj", "{142ACD6A-F12B-464B-B84A-18DC6F36AD54}"
EndProject
Project("{FAE04EC0-301F-11D3-BF4B-00C04F79EFBC}") = "Application", "src\Modules\Courses\Application\Application.csproj", "{F00F6B22-4158-4C34-B63C-9429C7FCB87F}"
EndProject
Project("{FAE04EC0-301F-11D3-BF4B-00C04F79EFBC}") = "Infrastructure", "src\Modules\Courses\Infrastructure\Infrastructure.csproj", "{276E9C4B-9DDC-4A39-9706-FB964DAE71C2}"
EndProject
Project("{FAE04EC0-301F-11D3-BF4B-00C04F79EFBC}") = "Domain", "src\Modules\Courses\Domain\Domain.csproj", "{96650D9A-1796-42A7-8038-92297078812D}"
EndProject
Project("{FAE04EC0-301F-11D3-BF4B-00C04F79EFBC}") = "Presentation", "src\Modules\Courses\Presentation\Presentation.csproj", "{5A6E0526-28ED-4CEE-BAB0-AFC737AE467F}"
EndProject
Project("{FAE04EC0-301F-11D3-BF4B-00C04F79EFBC}") = "IntegrationEvents", "src\Modules\VideoUploading\IntegrationEvents\IntegrationEvents.csproj", "{23594DFB-A847-417C-B547-A90D79199A0A}"
EndProject
Project("{2150E333-8FDC-42A3-9474-1A3956D46DE8}") = "tests", "tests", "{AA01DED2-E727-405C-9550-E2C2B8A892D4}"
EndProject
Project("{FAE04EC0-301F-11D3-BF4B-00C04F79EFBC}") = "ArchitectureTests", "tests\ArchitectureTests\ArchitectureTests.csproj", "{1CD1E6C3-6FBF-4836-8BF7-3A4D7D03B86D}"
EndProject
Project("{FAE04EC0-301F-11D3-BF4B-00C04F79EFBC}") = "Courses.Tests.Integration", "tests\Modules\Courses\Courses.Tests.Integration\Courses.Tests.Integration.csproj", "{2FE3975E-917D-4AE1-B907-C19DBE57C99E}"
EndProject
Project("{2150E333-8FDC-42A3-9474-1A3956D46DE8}") = "Courses", "Courses", "{A8097C75-63CB-4760-BF82-46739C10AD84}"
EndProject
Project("{FAE04EC0-301F-11D3-BF4B-00C04F79EFBC}") = "Courses.UnitTests", "tests\Modules\Courses\Courses.UnitTests\Courses.UnitTests.csproj", "{26512464-4653-CEA1-4E71-83C523F1D846}"
EndProject
Project("{2150E333-8FDC-42A3-9474-1A3956D46DE8}") = "Identity", "Identity", "{80DDE3F7-A609-4E4D-BA33-4A08A816E7D9}"
EndProject
Project("{FAE04EC0-301F-11D3-BF4B-00C04F79EFBC}") = "Domain", "src\Modules\Identity\Domain\Domain.csproj", "{B445C9F8-C108-8F92-4A4C-61ECE0BEA461}"
EndProject
Project("{FAE04EC0-301F-11D3-BF4B-00C04F79EFBC}") = "Application", "src\Modules\Identity\Application\Application.csproj", "{27FD6C57-01F5-EC31-533F-E8026BA9A664}"
EndProject
Project("{FAE04EC0-301F-11D3-BF4B-00C04F79EFBC}") = "Infrastructure", "src\Modules\Identity\Infrastructure\Infrastructure.csproj", "{5D10B582-4350-2160-1EC5-0F3C0A432CB3}"
EndProject
Project("{FAE04EC0-301F-11D3-BF4B-00C04F79EFBC}") = "Presentation", "src\Modules\Identity\Presentation\Presentation.csproj", "{A3E6CAA0-50A8-5EF5-B226-A16A9928931D}"
EndProject
Project("{2150E333-8FDC-42A3-9474-1A3956D46DE8}") = "Identity", "Identity", "{1DA57474-B079-48BB-91A9-58F94F302CDB}"
EndProject
Project("{FAE04EC0-301F-11D3-BF4B-00C04F79EFBC}") = "Identity.UnitTests", "tests\Modules\Identity\Identity.UnitTests\Identity.UnitTests.csproj", "{C3CE27DA-C63D-03F4-2920-5278DE6973F4}"
EndProject
Project("{FAE04EC0-301F-11D3-BF4B-00C04F79EFBC}") = "Identity.Tests.Integration", "tests\Modules\Identity\Identity.Tests.Integration\Identity.Tests.Integration.csproj", "{A355C881-E9F2-84AB-301C-4DC0D52583E7}"
EndProject
Project("{2150E333-8FDC-42A3-9474-1A3956D46DE8}") = "Library", "Library", "{F942821F-4605-4EDA-9F5E-64BE480005BF}"
EndProject
Project("{FAE04EC0-301F-11D3-BF4B-00C04F79EFBC}") = "Domain", "src\Modules\Library\Domain\Domain.csproj", "{E9B2D8C1-7A3F-4B1E-9214-5582967A609A}"
EndProject
Project("{FAE04EC0-301F-11D3-BF4B-00C04F79EFBC}") = "Application", "src\Modules\Library\Application\Application.csproj", "{71A2E3B4-C5D6-4E7F-8A9B-0C1D2E3F4A5B}"
EndProject
Project("{FAE04EC0-301F-11D3-BF4B-00C04F79EFBC}") = "Infrastructure", "src\Modules\Library\Infrastructure\Infrastructure.csproj", "{9B8A7C6D-5E4F-3D2C-1B0A-9876543210FE}"
EndProject
Project("{FAE04EC0-301F-11D3-BF4B-00C04F79EFBC}") = "Presentation", "src\Modules\Library\Presentation\Presentation.csproj", "{8D7E6C5B-4A3F-2E1D-0C9B-8A7B6C5D4E3F}"
EndProject
Project("{FAE04EC0-301F-11D3-BF4B-00C04F79EFBC}") = "IntegrationEvents", "src\Modules\Library\IntegrationEvents\IntegrationEvents.csproj", "{4E2B1A8C-D3F5-4B1E-9214-5582967A609A}"
EndProject
Project("{FAE04EC0-301F-11D3-BF4B-00C04F79EFBC}") = "IntegrationEvents", "src\Modules\Courses\IntegrationEvents\IntegrationEvents.csproj", "{C1B2D3E4-F5A6-4E7F-8A9B-0C1D2E3F4A5B}"
EndProject
Project("{2150E333-8FDC-42A3-9474-1A3956D46DE8}") = "Library", "Library", "{AD2975BB-9320-4A5D-968E-8DD16C2D3441}"
EndProject
Project("{FAE04EC0-301F-11D3-BF4B-00C04F79EFBC}") = "Library.UnitTests", "tests\Modules\Library\Library.UnitTests\Library.UnitTests.csproj", "{94B623F7-231F-DF72-E32F-5B77EFC91B7B}"
EndProject
Project("{FAE04EC0-301F-11D3-BF4B-00C04F79EFBC}") = "Library.Tests.Integration", "tests\Modules\Library\Library.Tests.Integration\Library.Tests.Integration.csproj", "{8234EEED-89DB-010F-C42C-A746856C700C}"
EndProject
Global
	GlobalSection(SolutionConfigurationPlatforms) = preSolution
		Debug|Any CPU = Debug|Any CPU
		Release|Any CPU = Release|Any CPU
	EndGlobalSection
	GlobalSection(ProjectConfigurationPlatforms) = postSolution
		{F2EBC211-C323-9692-8294-88F9B7DE636A}.Debug|Any CPU.ActiveCfg = Debug|Any CPU
		{F2EBC211-C323-9692-8294-88F9B7DE636A}.Debug|Any CPU.Build.0 = Debug|Any CPU
		{F2EBC211-C323-9692-8294-88F9B7DE636A}.Release|Any CPU.ActiveCfg = Release|Any CPU
		{F2EBC211-C323-9692-8294-88F9B7DE636A}.Release|Any CPU.Build.0 = Release|Any CPU
		{E4A265BF-7210-4BF0-8D2A-13702781B1C0}.Debug|Any CPU.ActiveCfg = Debug|Any CPU
		{E4A265BF-7210-4BF0-8D2A-13702781B1C0}.Debug|Any CPU.Build.0 = Debug|Any CPU
		{E4A265BF-7210-4BF0-8D2A-13702781B1C0}.Release|Any CPU.ActiveCfg = Release|Any CPU
		{E4A265BF-7210-4BF0-8D2A-13702781B1C0}.Release|Any CPU.Build.0 = Release|Any CPU
		{276F6FC8-D38F-D8E1-4EC3-A533A1160F45}.Debug|Any CPU.ActiveCfg = Debug|Any CPU
		{276F6FC8-D38F-D8E1-4EC3-A533A1160F45}.Debug|Any CPU.Build.0 = Debug|Any CPU
		{276F6FC8-D38F-D8E1-4EC3-A533A1160F45}.Release|Any CPU.ActiveCfg = Release|Any CPU
		{276F6FC8-D38F-D8E1-4EC3-A533A1160F45}.Release|Any CPU.Build.0 = Release|Any CPU
		{98C42B3C-B7E7-438C-B619-C8308BDF26A8}.Debug|Any CPU.ActiveCfg = Debug|Any CPU
		{98C42B3C-B7E7-438C-B619-C8308BDF26A8}.Debug|Any CPU.Build.0 = Debug|Any CPU
		{98C42B3C-B7E7-438C-B619-C8308BDF26A8}.Release|Any CPU.ActiveCfg = Release|Any CPU
		{98C42B3C-B7E7-438C-B619-C8308BDF26A8}.Release|Any CPU.Build.0 = Release|Any CPU
		{6EE941D2-BA91-49CD-BB56-D71194D50791}.Debug|Any CPU.ActiveCfg = Debug|Any CPU
		{6EE941D2-BA91-49CD-BB56-D71194D50791}.Debug|Any CPU.Build.0 = Debug|Any CPU
		{6EE941D2-BA91-49CD-BB56-D71194D50791}.Release|Any CPU.ActiveCfg = Release|Any CPU
		{6EE941D2-BA91-49CD-BB56-D71194D50791}.Release|Any CPU.Build.0 = Release|Any CPU
		{2B45EBB8-740A-4D51-9659-935FA0DAB2C7}.Debug|Any CPU.ActiveCfg = Debug|Any CPU
		{2B45EBB8-740A-4D51-9659-935FA0DAB2C7}.Debug|Any CPU.Build.0 = Debug|Any CPU
		{2B45EBB8-740A-4D51-9659-935FA0DAB2C7}.Release|Any CPU.ActiveCfg = Release|Any CPU
		{2B45EBB8-740A-4D51-9659-935FA0DAB2C7}.Release|Any CPU.Build.0 = Release|Any CPU
		{1F3330DF-E05E-4114-86DA-E67CA745B58B}.Debug|Any CPU.ActiveCfg = Debug|Any CPU
		{1F3330DF-E05E-4114-86DA-E67CA745B58B}.Debug|Any CPU.Build.0 = Debug|Any CPU
		{1F3330DF-E05E-4114-86DA-E67CA745B58B}.Release|Any CPU.ActiveCfg = Release|Any CPU
		{1F3330DF-E05E-4114-86DA-E67CA745B58B}.Release|Any CPU.Build.0 = Release|Any CPU
		{B3E8C722-0057-4104-B608-1E589D5A6190}.Debug|Any CPU.ActiveCfg = Debug|Any CPU
		{B3E8C722-0057-4104-B608-1E589D5A6190}.Debug|Any CPU.Build.0 = Debug|Any CPU
		{B3E8C722-0057-4104-B608-1E589D5A6190}.Release|Any CPU.ActiveCfg = Release|Any CPU
		{B3E8C722-0057-4104-B608-1E589D5A6190}.Release|Any CPU.Build.0 = Release|Any CPU
		{C36B1121-9AB0-4315-967E-2E98F2A23858}.Debug|Any CPU.ActiveCfg = Debug|Any CPU
		{C36B1121-9AB0-4315-967E-2E98F2A23858}.Debug|Any CPU.Build.0 = Debug|Any CPU
		{C36B1121-9AB0-4315-967E-2E98F2A23858}.Release|Any CPU.ActiveCfg = Release|Any CPU
		{C36B1121-9AB0-4315-967E-2E98F2A23858}.Release|Any CPU.Build.0 = Release|Any CPU
		{AEB75969-91FE-4CDA-9503-6E8F43EF76B1}.Debug|Any CPU.ActiveCfg = Debug|Any CPU
		{AEB75969-91FE-4CDA-9503-6E8F43EF76B1}.Debug|Any CPU.Build.0 = Debug|Any CPU
		{AEB75969-91FE-4CDA-9503-6E8F43EF76B1}.Release|Any CPU.ActiveCfg = Release|Any CPU
		{AEB75969-91FE-4CDA-9503-6E8F43EF76B1}.Release|Any CPU.Build.0 = Release|Any CPU
		{55CFAAC2-501C-4B81-9D85-E7BC5D1C9E9C}.Debug|Any CPU.ActiveCfg = Debug|Any CPU
		{55CFAAC2-501C-4B81-9D85-E7BC5D1C9E9C}.Debug|Any CPU.Build.0 = Debug|Any CPU
		{55CFAAC2-501C-4B81-9D85-E7BC5D1C9E9C}.Release|Any CPU.ActiveCfg = Release|Any CPU
		{55CFAAC2-501C-4B81-9D85-E7BC5D1C9E9C}.Release|Any CPU.Build.0 = Release|Any CPU
		{271B073D-0C94-4110-A289-85EF27856380}.Debug|Any CPU.ActiveCfg = Debug|Any CPU
		{271B073D-0C94-4110-A289-85EF27856380}.Debug|Any CPU.Build.0 = Debug|Any CPU
		{271B073D-0C94-4110-A289-85EF27856380}.Release|Any CPU.ActiveCfg = Release|Any CPU
		{271B073D-0C94-4110-A289-85EF27856380}.Release|Any CPU.Build.0 = Release|Any CPU
		{142ACD6A-F12B-464B-B84A-18DC6F36AD54}.Debug|Any CPU.ActiveCfg = Debug|Any CPU
		{142ACD6A-F12B-464B-B84A-18DC6F36AD54}.Debug|Any CPU.Build.0 = Debug|Any CPU
		{142ACD6A-F12B-464B-B84A-18DC6F36AD54}.Release|Any CPU.ActiveCfg = Release|Any CPU
		{142ACD6A-F12B-464B-B84A-18DC6F36AD54}.Release|Any CPU.Build.0 = Release|Any CPU
		{F00F6B22-4158-4C34-B63C-9429C7FCB87F}.Debug|Any CPU.ActiveCfg = Debug|Any CPU
		{F00F6B22-4158-4C34-B63C-9429C7FCB87F}.Debug|Any CPU.Build.0 = Debug|Any CPU
		{F00F6B22-4158-4C34-B63C-9429C7FCB87F}.Release|Any CPU.ActiveCfg = Release|Any CPU
		{F00F6B22-4158-4C34-B63C-9429C7FCB87F}.Release|Any CPU.Build.0 = Release|Any CPU
		{276E9C4B-9DDC-4A39-9706-FB964DAE71C2}.Debug|Any CPU.ActiveCfg = Debug|Any CPU
		{276E9C4B-9DDC-4A39-9706-FB964DAE71C2}.Debug|Any CPU.Build.0 = Debug|Any CPU
		{276E9C4B-9DDC-4A39-9706-FB964DAE71C2}.Release|Any CPU.ActiveCfg = Release|Any CPU
		{276E9C4B-9DDC-4A39-9706-FB964DAE71C2}.Release|Any CPU.Build.0 = Release|Any CPU
		{96650D9A-1796-42A7-8038-92297078812D}.Debug|Any CPU.ActiveCfg = Debug|Any CPU
		{96650D9A-1796-42A7-8038-92297078812D}.Debug|Any CPU.Build.0 = Debug|Any CPU
		{96650D9A-1796-42A7-8038-92297078812D}.Release|Any CPU.ActiveCfg = Release|Any CPU
		{96650D9A-1796-42A7-8038-92297078812D}.Release|Any CPU.Build.0 = Release|Any CPU
		{5A6E0526-28ED-4CEE-BAB0-AFC737AE467F}.Debug|Any CPU.ActiveCfg = Debug|Any CPU
		{5A6E0526-28ED-4CEE-BAB0-AFC737AE467F}.Debug|Any CPU.Build.0 = Debug|Any CPU
		{5A6E0526-28ED-4CEE-BAB0-AFC737AE467F}.Release|Any CPU.ActiveCfg = Release|Any CPU
		{5A6E0526-28ED-4CEE-BAB0-AFC737AE467F}.Release|Any CPU.Build.0 = Release|Any CPU
		{23594DFB-A847-417C-B547-A90D79199A0A}.Debug|Any CPU.ActiveCfg = Debug|Any CPU
		{23594DFB-A847-417C-B547-A90D79199A0A}.Debug|Any CPU.Build.0 = Debug|Any CPU
		{23594DFB-A847-417C-B547-A90D79199A0A}.Release|Any CPU.ActiveCfg = Release|Any CPU
		{23594DFB-A847-417C-B547-A90D79199A0A}.Release|Any CPU.Build.0 = Release|Any CPU
		{1CD1E6C3-6FBF-4836-8BF7-3A4D7D03B86D}.Debug|Any CPU.ActiveCfg = Debug|Any CPU
		{1CD1E6C3-6FBF-4836-8BF7-3A4D7D03B86D}.Debug|Any CPU.Build.0 = Debug|Any CPU
		{1CD1E6C3-6FBF-4836-8BF7-3A4D7D03B86D}.Release|Any CPU.ActiveCfg = Release|Any CPU
		{1CD1E6C3-6FBF-4836-8BF7-3A4D7D03B86D}.Release|Any CPU.Build.0 = Release|Any CPU
		{2FE3975E-917D-4AE1-B907-C19DBE57C99E}.Debug|Any CPU.ActiveCfg = Debug|Any CPU
		{2FE3975E-917D-4AE1-B907-C19DBE57C99E}.Debug|Any CPU.Build.0 = Debug|Any CPU
		{2FE3975E-917D-4AE1-B907-C19DBE57C99E}.Release|Any CPU.ActiveCfg = Release|Any CPU
		{2FE3975E-917D-4AE1-B907-C19DBE57C99E}.Release|Any CPU.Build.0 = Release|Any CPU
		{26512464-4653-CEA1-4E71-83C523F1D846}.Debug|Any CPU.ActiveCfg = Debug|Any CPU
		{26512464-4653-CEA1-4E71-83C523F1D846}.Debug|Any CPU.Build.0 = Debug|Any CPU
		{26512464-4653-CEA1-4E71-83C523F1D846}.Release|Any CPU.ActiveCfg = Release|Any CPU
		{26512464-4653-CEA1-4E71-83C523F1D846}.Release|Any CPU.Build.0 = Release|Any CPU
		{B445C9F8-C108-8F92-4A4C-61ECE0BEA461}.Debug|Any CPU.ActiveCfg = Debug|Any CPU
		{B445C9F8-C108-8F92-4A4C-61ECE0BEA461}.Debug|Any CPU.Build.0 = Debug|Any CPU
		{B445C9F8-C108-8F92-4A4C-61ECE0BEA461}.Release|Any CPU.ActiveCfg = Release|Any CPU
		{B445C9F8-C108-8F92-4A4C-61ECE0BEA461}.Release|Any CPU.Build.0 = Release|Any CPU
		{27FD6C57-01F5-EC31-533F-E8026BA9A664}.Debug|Any CPU.ActiveCfg = Debug|Any CPU
		{27FD6C57-01F5-EC31-533F-E8026BA9A664}.Debug|Any CPU.Build.0 = Debug|Any CPU
		{27FD6C57-01F5-EC31-533F-E8026BA9A664}.Release|Any CPU.ActiveCfg = Release|Any CPU
		{27FD6C57-01F5-EC31-533F-E8026BA9A664}.Release|Any CPU.Build.0 = Release|Any CPU
		{5D10B582-4350-2160-1EC5-0F3C0A432CB3}.Debug|Any CPU.ActiveCfg = Debug|Any CPU
		{5D10B582-4350-2160-1EC5-0F3C0A432CB3}.Debug|Any CPU.Build.0 = Debug|Any CPU
		{5D10B582-4350-2160-1EC5-0F3C0A432CB3}.Release|Any CPU.ActiveCfg = Release|Any CPU
		{5D10B582-4350-2160-1EC5-0F3C0A432CB3}.Release|Any CPU.Build.0 = Release|Any CPU
		{A3E6CAA0-50A8-5EF5-B226-A16A9928931D}.Debug|Any CPU.ActiveCfg = Debug|Any CPU
		{A3E6CAA0-50A8-5EF5-B226-A16A9928931D}.Debug|Any CPU.Build.0 = Debug|Any CPU
		{A3E6CAA0-50A8-5EF5-B226-A16A9928931D}.Release|Any CPU.ActiveCfg = Release|Any CPU
		{A3E6CAA0-50A8-5EF5-B226-A16A9928931D}.Release|Any CPU.Build.0 = Release|Any CPU
		{C3CE27DA-C63D-03F4-2920-5278DE6973F4}.Debug|Any CPU.ActiveCfg = Debug|Any CPU
		{C3CE27DA-C63D-03F4-2920-5278DE6973F4}.Debug|Any CPU.Build.0 = Debug|Any CPU
		{C3CE27DA-C63D-03F4-2920-5278DE6973F4}.Release|Any CPU.ActiveCfg = Release|Any CPU
		{C3CE27DA-C63D-03F4-2920-5278DE6973F4}.Release|Any CPU.Build.0 = Release|Any CPU
		{A355C881-E9F2-84AB-301C-4DC0D52583E7}.Debug|Any CPU.ActiveCfg = Debug|Any CPU
		{A355C881-E9F2-84AB-301C-4DC0D52583E7}.Debug|Any CPU.Build.0 = Debug|Any CPU
		{A355C881-E9F2-84AB-301C-4DC0D52583E7}.Release|Any CPU.ActiveCfg = Release|Any CPU
		{A355C881-E9F2-84AB-301C-4DC0D52583E7}.Release|Any CPU.Build.0 = Release|Any CPU
		{E9B2D8C1-7A3F-4B1E-9214-5582967A609A}.Debug|Any CPU.ActiveCfg = Debug|Any CPU
		{E9B2D8C1-7A3F-4B1E-9214-5582967A609A}.Debug|Any CPU.Build.0 = Debug|Any CPU
		{E9B2D8C1-7A3F-4B1E-9214-5582967A609A}.Release|Any CPU.ActiveCfg = Release|Any CPU
		{E9B2D8C1-7A3F-4B1E-9214-5582967A609A}.Release|Any CPU.Build.0 = Release|Any CPU
		{71A2E3B4-C5D6-4E7F-8A9B-0C1D2E3F4A5B}.Debug|Any CPU.ActiveCfg = Debug|Any CPU
		{71A2E3B4-C5D6-4E7F-8A9B-0C1D2E3F4A5B}.Debug|Any CPU.Build.0 = Debug|Any CPU
		{71A2E3B4-C5D6-4E7F-8A9B-0C1D2E3F4A5B}.Release|Any CPU.ActiveCfg = Release|Any CPU
		{71A2E3B4-C5D6-4E7F-8A9B-0C1D2E3F4A5B}.Release|Any CPU.Build.0 = Release|Any CPU
		{9B8A7C6D-5E4F-3D2C-1B0A-9876543210FE}.Debug|Any CPU.ActiveCfg = Debug|Any CPU
		{9B8A7C6D-5E4F-3D2C-1B0A-9876543210FE}.Debug|Any CPU.Build.0 = Debug|Any CPU
		{9B8A7C6D-5E4F-3D2C-1B0A-9876543210FE}.Release|Any CPU.ActiveCfg = Release|Any CPU
		{9B8A7C6D-5E4F-3D2C-1B0A-9876543210FE}.Release|Any CPU.Build.0 = Release|Any CPU
		{8D7E6C5B-4A3F-2E1D-0C9B-8A7B6C5D4E3F}.Debug|Any CPU.ActiveCfg = Debug|Any CPU
		{8D7E6C5B-4A3F-2E1D-0C9B-8A7B6C5D4E3F}.Debug|Any CPU.Build.0 = Debug|Any CPU
		{8D7E6C5B-4A3F-2E1D-0C9B-8A7B6C5D4E3F}.Release|Any CPU.ActiveCfg = Release|Any CPU
		{8D7E6C5B-4A3F-2E1D-0C9B-8A7B6C5D4E3F}.Release|Any CPU.Build.0 = Release|Any CPU
		{4E2B1A8C-D3F5-4B1E-9214-5582967A609A}.Debug|Any CPU.ActiveCfg = Debug|Any CPU
		{4E2B1A8C-D3F5-4B1E-9214-5582967A609A}.Debug|Any CPU.Build.0 = Debug|Any CPU
		{4E2B1A8C-D3F5-4B1E-9214-5582967A609A}.Release|Any CPU.ActiveCfg = Release|Any CPU
		{4E2B1A8C-D3F5-4B1E-9214-5582967A609A}.Release|Any CPU.Build.0 = Release|Any CPU
		{C1B2D3E4-F5A6-4E7F-8A9B-0C1D2E3F4A5B}.Debug|Any CPU.ActiveCfg = Debug|Any CPU
		{C1B2D3E4-F5A6-4E7F-8A9B-0C1D2E3F4A5B}.Debug|Any CPU.Build.0 = Debug|Any CPU
		{C1B2D3E4-F5A6-4E7F-8A9B-0C1D2E3F4A5B}.Release|Any CPU.ActiveCfg = Release|Any CPU
		{C1B2D3E4-F5A6-4E7F-8A9B-0C1D2E3F4A5B}.Release|Any CPU.Build.0 = Release|Any CPU
		{94B623F7-231F-DF72-E32F-5B77EFC91B7B}.Debug|Any CPU.ActiveCfg = Debug|Any CPU
		{94B623F7-231F-DF72-E32F-5B77EFC91B7B}.Debug|Any CPU.Build.0 = Debug|Any CPU
		{94B623F7-231F-DF72-E32F-5B77EFC91B7B}.Release|Any CPU.ActiveCfg = Release|Any CPU
		{94B623F7-231F-DF72-E32F-5B77EFC91B7B}.Release|Any CPU.Build.0 = Release|Any CPU
		{8234EEED-89DB-010F-C42C-A746856C700C}.Debug|Any CPU.ActiveCfg = Debug|Any CPU
		{8234EEED-89DB-010F-C42C-A746856C700C}.Debug|Any CPU.Build.0 = Debug|Any CPU
		{8234EEED-89DB-010F-C42C-A746856C700C}.Release|Any CPU.ActiveCfg = Release|Any CPU
		{8234EEED-89DB-010F-C42C-A746856C700C}.Release|Any CPU.Build.0 = Release|Any CPU
	EndGlobalSection
	GlobalSection(SolutionProperties) = preSolution
		HideSolutionNode = FALSE
	EndGlobalSection
	GlobalSection(NestedProjects) = preSolution
		{E4A265BF-7210-4BF0-8D2A-13702781B1C0} = {02EA681E-C7D8-13C7-8484-4AC65E1B71E8}
		{276F6FC8-D38F-D8E1-4EC3-A533A1160F45} = {02EA681E-C7D8-13C7-8484-4AC65E1B71E8}
		{AE8C0CEC-A6F4-4BD9-9B8B-BA6E1B5F7D03} = {67CAD9C1-6ACD-4FEC-8FC4-1304E4070C85}
		{98C42B3C-B7E7-438C-B619-C8308BDF26A8} = {AE8C0CEC-A6F4-4BD9-9B8B-BA6E1B5F7D03}
		{6EE941D2-BA91-49CD-BB56-D71194D50791} = {AE8C0CEC-A6F4-4BD9-9B8B-BA6E1B5F7D03}
		{2B45EBB8-740A-4D51-9659-935FA0DAB2C7} = {AE8C0CEC-A6F4-4BD9-9B8B-BA6E1B5F7D03}
		{B3E8C722-0057-4104-B608-1E589D5A6190} = {AE8C0CEC-A6F4-4BD9-9B8B-BA6E1B5F7D03}
		{C36B1121-9AB0-4315-967E-2E98F2A23858} = {02EA681E-C7D8-13C7-8484-4AC65E1B71E8}
		{13104521-1933-4E18-91FA-9D61373512FB} = {67CAD9C1-6ACD-4FEC-8FC4-1304E4070C85}
		{E80F57F8-2B2D-4E6A-8970-A6763942AEA6} = {67CAD9C1-6ACD-4FEC-8FC4-1304E4070C85}
		{AEB75969-91FE-4CDA-9503-6E8F43EF76B1} = {E80F57F8-2B2D-4E6A-8970-A6763942AEA6}
		{55CFAAC2-501C-4B81-9D85-E7BC5D1C9E9C} = {E80F57F8-2B2D-4E6A-8970-A6763942AEA6}
		{271B073D-0C94-4110-A289-85EF27856380} = {E80F57F8-2B2D-4E6A-8970-A6763942AEA6}
		{142ACD6A-F12B-464B-B84A-18DC6F36AD54} = {E80F57F8-2B2D-4E6A-8970-A6763942AEA6}
		{F00F6B22-4158-4C34-B63C-9429C7FCB87F} = {13104521-1933-4E18-91FA-9D61373512FB}
		{276E9C4B-9DDC-4A39-9706-FB964DAE71C2} = {13104521-1933-4E18-91FA-9D61373512FB}
		{96650D9A-1796-42A7-8038-92297078812D} = {13104521-1933-4E18-91FA-9D61373512FB}
		{5A6E0526-28ED-4CEE-BAB0-AFC737AE467F} = {13104521-1933-4E18-91FA-9D61373512FB}
		{23594DFB-A847-417C-B547-A90D79199A0A} = {E80F57F8-2B2D-4E6A-8970-A6763942AEA6}
		{1CD1E6C3-6FBF-4836-8BF7-3A4D7D03B86D} = {AA01DED2-E727-405C-9550-E2C2B8A892D4}
		{2FE3975E-917D-4AE1-B907-C19DBE57C99E} = {A8097C75-63CB-4760-BF82-46739C10AD84}
		{A8097C75-63CB-4760-BF82-46739C10AD84} = {AA01DED2-E727-405C-9550-E2C2B8A892D4}
		{26512464-4653-CEA1-4E71-83C523F1D846} = {A8097C75-63CB-4760-BF82-46739C10AD84}
		{80DDE3F7-A609-4E4D-BA33-4A08A816E7D9} = {67CAD9C1-6ACD-4FEC-8FC4-1304E4070C85}
		{B445C9F8-C108-8F92-4A4C-61ECE0BEA461} = {80DDE3F7-A609-4E4D-BA33-4A08A816E7D9}
		{27FD6C57-01F5-EC31-533F-E8026BA9A664} = {80DDE3F7-A609-4E4D-BA33-4A08A816E7D9}
		{5D10B582-4350-2160-1EC5-0F3C0A432CB3} = {80DDE3F7-A609-4E4D-BA33-4A08A816E7D9}
		{A3E6CAA0-50A8-5EF5-B226-A16A9928931D} = {80DDE3F7-A609-4E4D-BA33-4A08A816E7D9}
		{1DA57474-B079-48BB-91A9-58F94F302CDB} = {AA01DED2-E727-405C-9550-E2C2B8A892D4}
		{C3CE27DA-C63D-03F4-2920-5278DE6973F4} = {1DA57474-B079-48BB-91A9-58F94F302CDB}
		{A355C881-E9F2-84AB-301C-4DC0D52583E7} = {1DA57474-B079-48BB-91A9-58F94F302CDB}
		{F942821F-4605-4EDA-9F5E-64BE480005BF} = {67CAD9C1-6ACD-4FEC-8FC4-1304E4070C85}
		{E9B2D8C1-7A3F-4B1E-9214-5582967A609A} = {F942821F-4605-4EDA-9F5E-64BE480005BF}
		{71A2E3B4-C5D6-4E7F-8A9B-0C1D2E3F4A5B} = {F942821F-4605-4EDA-9F5E-64BE480005BF}
		{9B8A7C6D-5E4F-3D2C-1B0A-9876543210FE} = {F942821F-4605-4EDA-9F5E-64BE480005BF}
		{8D7E6C5B-4A3F-2E1D-0C9B-8A7B6C5D4E3F} = {F942821F-4605-4EDA-9F5E-64BE480005BF}
		{4E2B1A8C-D3F5-4B1E-9214-5582967A609A} = {F942821F-4605-4EDA-9F5E-64BE480005BF}
		{C1B2D3E4-F5A6-4E7F-8A9B-0C1D2E3F4A5B} = {13104521-1933-4E18-91FA-9D61373512FB}
		{AD2975BB-9320-4A5D-968E-8DD16C2D3441} = {AA01DED2-E727-405C-9550-E2C2B8A892D4}
		{94B623F7-231F-DF72-E32F-5B77EFC91B7B} = {AD2975BB-9320-4A5D-968E-8DD16C2D3441}
		{8234EEED-89DB-010F-C42C-A746856C700C} = {AD2975BB-9320-4A5D-968E-8DD16C2D3441}
	EndGlobalSection
	GlobalSection(ExtensibilityGlobals) = postSolution
		SolutionGuid = {A4D73EED-30AF-4218-9197-D39806BE2055}
	EndGlobalSection
EndGlobal
